<?xml version="1.0" encoding="utf-8"?>
<Project ToolsVersion="4.0" xmlns="http://schemas.microsoft.com/developer/msbuild/2003">
  <ItemGroup>
    <Filter Include="Becketron">
      <UniqueIdentifier>{225EEDF5-8EC8-A16C-D706-531243B07FC1}</UniqueIdentifier>
    </Filter>
    <Filter Include="Becketron\Events">
      <UniqueIdentifier>{C68FABC1-B288-CA13-DBBA-AF98C712AA1F}</UniqueIdentifier>
    </Filter>
    <Filter Include="Becketron\ImGui">
      <UniqueIdentifier>{CC644082-38F0-AD46-4101-313BAD0B0A47}</UniqueIdentifier>
    </Filter>
    <Filter Include="Platform">
      <UniqueIdentifier>{2AC788B4-1694-E3BF-3FAD-D1672BD9184E}</UniqueIdentifier>
    </Filter>
    <Filter Include="Platform\OpenGL">
      <UniqueIdentifier>{1E7D2C1D-8A08-9AE1-9319-1DD6FF23F6E1}</UniqueIdentifier>
    </Filter>
    <Filter Include="Platform\Windows">
      <UniqueIdentifier>{64FBD71A-50F4-F66C-7926-DCF1657ED678}</UniqueIdentifier>
    </Filter>
  </ItemGroup>
  <ItemGroup>
    <ClInclude Include="src\Becketron.h" />
    <ClInclude Include="src\Becketron\Application.h">
      <Filter>Becketron</Filter>
    </ClInclude>
    <ClInclude Include="src\Becketron\Core.h">
      <Filter>Becketron</Filter>
    </ClInclude>
    <ClInclude Include="src\Becketron\EntryPoint.h">
      <Filter>Becketron</Filter>
    </ClInclude>
    <ClInclude Include="src\Becketron\Events\ApplicationEvent.h">
      <Filter>Becketron\Events</Filter>
    </ClInclude>
    <ClInclude Include="src\Becketron\Events\Event.h">
      <Filter>Becketron\Events</Filter>
    </ClInclude>
    <ClInclude Include="src\Becketron\Events\KeyEvent.h">
      <Filter>Becketron\Events</Filter>
    </ClInclude>
    <ClInclude Include="src\Becketron\Events\MouseEvent.h">
      <Filter>Becketron\Events</Filter>
    </ClInclude>
    <ClInclude Include="src\Becketron\ImGui\ImGuiLayer.h">
      <Filter>Becketron\ImGui</Filter>
    </ClInclude>
    <ClInclude Include="src\Becketron\Layer.h">
      <Filter>Becketron</Filter>
    </ClInclude>
    <ClInclude Include="src\Becketron\LayerStack.h">
      <Filter>Becketron</Filter>
    </ClInclude>
    <ClInclude Include="src\Becketron\Log.h">
      <Filter>Becketron</Filter>
    </ClInclude>
    <ClInclude Include="src\Becketron\Window.h">
      <Filter>Becketron</Filter>
    </ClInclude>
    <ClInclude Include="src\Platform\OpenGL\OpenGLRenderer.h">
      <Filter>Platform\OpenGL</Filter>
    </ClInclude>
    <ClInclude Include="src\Platform\Windows\WindowsWindow.h">
      <Filter>Platform\Windows</Filter>
    </ClInclude>
    <ClInclude Include="src\btpch.h" />
  </ItemGroup>
  <ItemGroup>
    <ClCompile Include="src\Becketron\Application.cpp">
      <Filter>Becketron</Filter>
    </ClCompile>
    <ClCompile Include="src\Becketron\ImGui\ImGuiLayer.cpp">
      <Filter>Becketron\ImGui</Filter>
    </ClCompile>
    <ClCompile Include="src\Becketron\Layer.cpp">
      <Filter>Becketron</Filter>
    </ClCompile>
    <ClCompile Include="src\Becketron\LayerStack.cpp">
      <Filter>Becketron</Filter>
    </ClCompile>
    <ClCompile Include="src\Becketron\Log.cpp">
      <Filter>Becketron</Filter>
    </ClCompile>
    <ClCompile Include="src\Platform\OpenGL\OpenGLRenderer.cpp">
      <Filter>Platform\OpenGL</Filter>
    </ClCompile>
    <ClCompile Include="src\Platform\Windows\WindowsWindow.cpp">
      <Filter>Platform\Windows</Filter>
    </ClCompile>
    <ClCompile Include="src\btpch.cpp" />
  </ItemGroup>
</Project>